{
  "nodes": {
    "nixpkgs": {
      "locked": {
        "lastModified": 1776548001,
        "narHash": "sha256-ZSK0NL4a1BwVbbTBoSnWgbJy9HeZFXLYQizjb2DPF24=",
        "owner": "NixOS",
        "repo": "nixpkgs",
        "rev": "b12141ef619e0a9c1c84dc8c684040326f27cdcc",
        "type": "github"
      },
      "original": {
        "owner": "NixOS",
        "ref": "nixos-unstable",
        "repo": "nixpkgs",
        "type": "github"
      }
    },
    "openclaw": {
      "flake": false,
      "locked": {
        "lastModified": 1777879281,
        "narHash": "sha256-6WIjb/0dFuGPtXnzpUCrkZ7RYEiRttOTc9Jc0OKbfdE=",
        "owner": "openclaw",
        "repo": "openclaw",
        "rev": "06d46f7cf638a31c4852c068aeeaa76f5e949941",
        "type": "github"
      },
      "original": {
        "owner": "openclaw",
        "ref": "v2026.5.3",
        "repo": "openclaw",
        "type": "github"
      }
    },
    "root": {
      "inputs": {
        "nixpkgs": "nixpkgs",
        "openclaw": "openclaw"
      }
    }
  },
  "root": "root",
  "version": 7
}
