{
  "nodes": {
    "nixpkgs": {
      "locked": {
        "lastModified": 1776548001,
        "narHash": "sha256-ZSK0NL4a1BwVbbTBoSnWgbJy9HeZFXLYQizjb2DPF24=",
        "owner": "NixOS",
        "repo": "nixpkgs",
        "rev": "b12141ef619e0a9c1c84dc8c684040326f27cdcc",
        "type": "github"
      },
      "original": {
        "owner": "NixOS",
        "ref": "nixos-unstable",
        "repo": "nixpkgs",
        "type": "github"
      }
    },
    "openclaw": {
      "flake": false,
      "locked": {
        "lastModified": 1777581632,
        "narHash": "sha256-AlQiCL2cNlrtHBzFriwVuAD+E4j694fEvgPuC2xc8N0=",
        "owner": "openclaw",
        "repo": "openclaw",
        "rev": "a448042c2edd94a4e8ee86d5ed90a5ed9fe8e4cd",
        "type": "github"
      },
      "original": {
        "owner": "openclaw",
        "ref": "v2026.4.29",
        "repo": "openclaw",
        "type": "github"
      }
    },
    "root": {
      "inputs": {
        "nixpkgs": "nixpkgs",
        "openclaw": "openclaw"
      }
    }
  },
  "root": "root",
  "version": 7
}
