{
  "name": "lockfile-pruner",
  "lockfileVersion": 3,
  "requires": true,
  "packages": {
    "": {
      "dependencies": {
        "@pnpm/lockfile-file": "^9.1.3",
        "@pnpm/logger": "^5.2.0"
      }
    },
    "node_modules/@pnpm/config.nerf-dart": {
      "version": "1.0.1",
      "resolved": "https://registry.npmjs.org/@pnpm/config.nerf-dart/-/config.nerf-dart-1.0.1.tgz",
      "integrity": "sha512-03d2l21gAyzGVr9SR6rS5pvCTnZ4HaNdi8jB2Y/UGvszzrNbA+AJVObVw6SulNQ1Eah3SHB9wCezJwtP+jYIcA==",
      "license": "MIT",
      "engines": {
        "node": ">=18.12"
      }
    },
    "node_modules/@pnpm/constants": {
      "version": "8.0.0",
      "resolved": "https://registry.npmjs.org/@pnpm/constants/-/constants-8.0.0.tgz",
      "integrity": "sha512-yQosGUvYPpAjb1jOFcdbwekRjZRVxN6C0hHzfRCZrMKbxGjt/E0g0RcFlEDNVZ95tm4oMMcr7nEPa7H7LX3emw==",
      "license": "MIT",
      "engines": {
        "node": ">=18.12"
      },
      "funding": {
        "url": "https://opencollective.com/pnpm"
      }
    },
    "node_modules/@pnpm/core-loggers": {
      "version": "10.0.4",
      "resolved": "https://registry.npmjs.org/@pnpm/core-loggers/-/core-loggers-10.0.4.tgz",
      "integrity": "sha512-0sa1oq8OelHFs1qTCv0fUVPYpQwRjkAb3miaXTwhXCUsePAy6kZ4wrn/aZA4bnxj0pIcaQnrSTWKcRjdrkqu3Q==",
      "license": "MIT",
      "dependencies": {
        "@pnpm/types": "11.1.0"
      },
      "engines": {
        "node": ">=18.12"
      },
      "funding": {
        "url": "https://opencollective.com/pnpm"
      },
      "peerDependencies": {
        "@pnpm/logger": "^5.0.0"
      }
    },
    "node_modules/@pnpm/crypto.base32-hash": {
      "version": "3.0.0",
      "resolved": "https://registry.npmjs.org/@pnpm/crypto.base32-hash/-/crypto.base32-hash-3.0.0.tgz",
      "integrity": "sha512-iGKP6rRKng5Tcad1+S+j3UoY5wVZN+z0ZgemlGp69jNgn6EaM4N0Q3mvnDNJ7UZFmL2ClXZZYLNuCk9pUYV3Xg==",
      "license": "MIT",
      "dependencies": {
        "rfc4648": "^1.5.3"
      },
      "engines": {
        "node": ">=18.12"
      },
      "funding": {
        "url": "https://opencollective.com/pnpm"
      }
    },
    "node_modules/@pnpm/dependency-path": {
      "version": "5.1.3",
      "resolved": "https://registry.npmjs.org/@pnpm/dependency-path/-/dependency-path-5.1.3.tgz",
      "integrity": "sha512-d1gd9tXO4QRem2LMzvxVwt/6t7sNSK4DAJ6MQVLfXTqyIAvoAzRkSmFMNlqN1LQnNKIq7a/WXbJXDUObrYfkfA==",
      "license": "MIT",
      "dependencies": {
        "@pnpm/crypto.base32-hash": "3.0.0",
        "@pnpm/types": "11.1.0",
        "semver": "^7.6.2"
      },
      "engines": {
        "node": ">=18.12"
      },
      "funding": {
        "url": "https://opencollective.com/pnpm"
      }
    },
    "node_modules/@pnpm/error": {
      "version": "6.0.1",
      "resolved": "https://registry.npmjs.org/@pnpm/error/-/error-6.0.1.tgz",
      "integrity": "sha512-7yjO0RgmWYb4OKgcWC33yD4Z2CxE7Tm7vXX1SmS7GDifDT/bgZZhHeS2xq/+W6y9yhwIrRSA+7AlQL1NM2wIvw==",
      "license": "MIT",
      "dependencies": {
        "@pnpm/constants": "8.0.0"
      },
      "engines": {
        "node": ">=18.12"
      },
      "funding": {
        "url": "https://opencollective.com/pnpm"
      }
    },
    "node_modules/@pnpm/fetch": {
      "version": "8.0.4",
      "resolved": "https://registry.npmjs.org/@pnpm/fetch/-/fetch-8.0.4.tgz",
      "integrity": "sha512-E79pTCQtnYtwJbPEru2JcPHRXAjrWcuJN6a/0r3/R1uZsx+ElJrU7WfNYEwyk2gANxq065/nq2lVp1/qx2aQ3A==",
      "license": "MIT",
      "dependencies": {
        "@pnpm/core-loggers": "10.0.4",
        "@pnpm/fetching-types": "6.0.0",
        "@pnpm/network.agent": "^2.0.0",
        "@pnpm/types": "11.1.0",
        "@zkochan/retry": "^0.2.0",
        "node-fetch": "npm:@pnpm/node-fetch@1.0.0"
      },
      "engines": {
        "node": ">=18.12"
      },
      "funding": {
        "url": "https://opencollective.com/pnpm"
      },
      "peerDependencies": {
        "@pnpm/logger": "^5.0.0"
      }
    },
    "node_modules/@pnpm/fetching-types": {
      "version": "6.0.0",
      "resolved": "https://registry.npmjs.org/@pnpm/fetching-types/-/fetching-types-6.0.0.tgz",
      "integrity": "sha512-fnsaegb+0q7Ku6AyCmoVtBeCuO8ytB7YMEaGHC+0MGoRsxxa6EVLgi2H4abKr8LLslf5tHJBnOH24DjST3UNfQ==",
      "license": "MIT",
      "dependencies": {
        "@zkochan/retry": "^0.2.0",
        "node-fetch": "npm:@pnpm/node-fetch@1.0.0"
      },
      "engines": {
        "node": ">=18.12"
      },
      "funding": {
        "url": "https://opencollective.com/pnpm"
      }
    },
    "node_modules/@pnpm/git-resolver": {
      "version": "9.0.5",
      "resolved": "https://registry.npmjs.org/@pnpm/git-resolver/-/git-resolver-9.0.5.tgz",
      "integrity": "sha512-d2IPuKwEWQTxr9AfPJrKUHf3bkKm//L3CcrgUs4vl9xGMLqV7uCtp/VKvzK3vNPN6RfCn7nKmjvyjvkNA1Z5vg==",
      "license": "MIT",
      "dependencies": {
        "@pnpm/fetch": "8.0.4",
        "@pnpm/resolver-base": "13.0.1",
        "graceful-git": "^4.0.0",
        "hosted-git-info": "npm:@pnpm/hosted-git-info@1.0.0",
        "semver": "^7.6.2"
      },
      "engines": {
        "node": ">=18.12"
      },
      "funding": {
        "url": "https://opencollective.com/pnpm"
      }
    },
    "node_modules/@pnpm/git-utils": {
      "version": "2.0.0",
      "resolved": "https://registry.npmjs.org/@pnpm/git-utils/-/git-utils-2.0.0.tgz",
      "integrity": "sha512-k1rv4Zvno/5zJAqE/Mh9V0ehlm14NsYwpXTdaGMtyhkoHvlSckRfr23OIOIM7Q/TRX+LhqyJ2kep50SY2TsZ+g==",
      "license": "MIT",
      "dependencies": {
        "execa": "npm:safe-execa@0.1.2"
      },
      "engines": {
        "node": ">=18.12"
      },
      "funding": {
        "url": "https://opencollective.com/pnpm"
      }
    },
    "node_modules/@pnpm/lockfile-file": {
      "version": "9.1.3",
      "resolved": "https://registry.npmjs.org/@pnpm/lockfile-file/-/lockfile-file-9.1.3.tgz",
      "integrity": "sha512-+WaLikC86jJyA23xzU8SnHcxeuxs8TcFCMoP2HCSU/0ckk9bjjW4CttEcHzQoCMdDlm7eZKTRoDuU5iJ5Wie3Q==",
      "license": "MIT",
      "dependencies": {
        "@pnpm/constants": "8.0.0",
        "@pnpm/dependency-path": "5.1.3",
        "@pnpm/error": "6.0.1",
        "@pnpm/git-resolver": "9.0.5",
        "@pnpm/git-utils": "2.0.0",
        "@pnpm/lockfile-types": "7.1.3",
        "@pnpm/lockfile-utils": "11.0.4",
        "@pnpm/merge-lockfile-changes": "6.0.5",
        "@pnpm/types": "11.1.0",
        "@pnpm/util.lex-comparator": "3.0.0",
        "@zkochan/rimraf": "^3.0.2",
        "comver-to-semver": "^1.0.0",
        "js-yaml": "npm:@zkochan/js-yaml@0.0.7",
        "normalize-path": "^3.0.0",
        "ramda": "npm:@pnpm/ramda@0.28.1",
        "semver": "^7.6.2",
        "sort-keys": "^4.2.0",
        "strip-bom": "^4.0.0",
        "write-file-atomic": "^5.0.1"
      },
      "engines": {
        "node": ">=18.12"
      },
      "funding": {
        "url": "https://opencollective.com/pnpm"
      },
      "peerDependencies": {
        "@pnpm/logger": "^5.0.0"
      }
    },
    "node_modules/@pnpm/lockfile-types": {
      "version": "7.1.3",
      "resolved": "https://registry.npmjs.org/@pnpm/lockfile-types/-/lockfile-types-7.1.3.tgz",
      "integrity": "sha512-ifMGKjiBFweZiI9nRYw+N4oP42tDaxHGzla/fuEqn8rOLzITJKfD9G2KfF7u8ZfZyW9lHFL/FsN9t1+q6L+qyQ==",
      "license": "MIT",
      "dependencies": {
        "@pnpm/types": "11.1.0"
      },
      "engines": {
        "node": ">=18.12"
      },
      "funding": {
        "url": "https://opencollective.com/pnpm"
      }
    },
    "node_modules/@pnpm/lockfile-utils": {
      "version": "11.0.4",
      "resolved": "https://registry.npmjs.org/@pnpm/lockfile-utils/-/lockfile-utils-11.0.4.tgz",
      "integrity": "sha512-qczmd35HWys0P8ngG86pNquBPeVEQT4SH19AOu0uoK5d/9nXWnbqiHbAwRyMndNDxuPBf3ol65X4Esx/7z8ofg==",
      "license": "MIT",
      "dependencies": {
        "@pnpm/dependency-path": "5.1.3",
        "@pnpm/lockfile-types": "7.1.3",
        "@pnpm/pick-fetcher": "3.0.0",
        "@pnpm/resolver-base": "13.0.1",
        "@pnpm/types": "11.1.0",
        "get-npm-tarball-url": "^2.1.0",
        "ramda": "npm:@pnpm/ramda@0.28.1"
      },
      "engines": {
        "node": ">=18.12"
      },
      "funding": {
        "url": "https://opencollective.com/pnpm"
      }
    },
    "node_modules/@pnpm/logger": {
      "version": "5.2.0",
      "resolved": "https://registry.npmjs.org/@pnpm/logger/-/logger-5.2.0.tgz",
      "integrity": "sha512-dCdSs2wPCweMkRLdISAKBOKSWeq/9iS9aanWgjoUkFs06KN2o5XGFg53oCXg/KbZhF9AXS3vMHPwTebzCeAEsA==",
      "license": "MIT",
      "dependencies": {
        "bole": "^5.0.14",
        "ndjson": "^2.0.0"
      },
      "engines": {
        "node": ">=18.12"
      },
      "funding": {
        "url": "https://opencollective.com/pnpm"
      }
    },
    "node_modules/@pnpm/merge-lockfile-changes": {
      "version": "6.0.5",
      "resolved": "https://registry.npmjs.org/@pnpm/merge-lockfile-changes/-/merge-lockfile-changes-6.0.5.tgz",
      "integrity": "sha512-2qKNX80l3TMuVr5+3VNBuYRo/iud4x2RGZMrUpm5cNQ6BMZdHwbo/9RzEOFTXWETbEKyErryc3VqS/54EhDaWw==",
      "license": "MIT",
      "dependencies": {
        "@pnpm/lockfile-types": "7.1.3",
        "@pnpm/types": "11.1.0",
        "comver-to-semver": "^1.0.0",
        "ramda": "npm:@pnpm/ramda@0.28.1",
        "semver": "^7.6.2"
      },
      "engines": {
        "node": ">=18.12"
      },
      "funding": {
        "url": "https://opencollective.com/pnpm"
      }
    },
    "node_modules/@pnpm/network.agent": {
      "version": "2.0.3",
      "resolved": "https://registry.npmjs.org/@pnpm/network.agent/-/network.agent-2.0.3.tgz",
      "integrity": "sha512-YITr8VrjPPULdQWAA17oU0M4j4286OmRnk0XA1ntoR+v0FbdGRKmRQmOHx86s1eM3eGCh1UF8WPHNkbgjjBN3Q==",
      "license": "MIT",
      "dependencies": {
        "@pnpm/network.config": "2.1.0",
        "@pnpm/network.proxy-agent": "2.0.3",
        "agentkeepalive": "^4.6.0",
        "lru-cache": "^7.10.1"
      },
      "engines": {
        "node": ">=18.12"
      }
    },
    "node_modules/@pnpm/network.config": {
      "version": "2.1.0",
      "resolved": "https://registry.npmjs.org/@pnpm/network.config/-/network.config-2.1.0.tgz",
      "integrity": "sha512-3Z4suyclrd1NOp1ue+xf5VCEd7Pu1R16wXg8wCmKIiQD7E69BE4WA3ralxrkPx0B0OtqM1H8lBPINsipZaUcuQ==",
      "license": "MIT",
      "dependencies": {
        "@pnpm/config.nerf-dart": "1.0.1"
      },
      "engines": {
        "node": ">=18.12"
      }
    },
    "node_modules/@pnpm/network.proxy-agent": {
      "version": "2.0.3",
      "resolved": "https://registry.npmjs.org/@pnpm/network.proxy-agent/-/network.proxy-agent-2.0.3.tgz",
      "integrity": "sha512-x6lyFMJFgf/8dArUfPBtEqieKm8J7Vab/hIiNCCqcziEucJwNgFUF1xwLUuypn/oSB9XvGQa4nxPZ0dyFZzOrQ==",
      "license": "MIT",
      "dependencies": {
        "@pnpm/error": "^1000.0.2",
        "http-proxy-agent": "^7.0.2",
        "https-proxy-agent": "^7.0.6",
        "lru-cache": "^7.10.1",
        "socks-proxy-agent": "^8.0.5"
      },
      "engines": {
        "node": ">=18.12"
      }
    },
    "node_modules/@pnpm/network.proxy-agent/node_modules/@pnpm/constants": {
      "version": "1001.3.1",
      "resolved": "https://registry.npmjs.org/@pnpm/constants/-/constants-1001.3.1.tgz",
      "integrity": "sha512-2hf0s4pVrVEH8RvdJJ7YRKjQdiG8m0iAT26TTqXnCbK30kKwJW69VLmP5tED5zstmDRXcOeH5eRcrpkdwczQ9g==",
      "license": "MIT",
      "engines": {
        "node": ">=18.12"
      },
      "funding": {
        "url": "https://opencollective.com/pnpm"
      }
    },
    "node_modules/@pnpm/network.proxy-agent/node_modules/@pnpm/error": {
      "version": "1000.1.0",
      "resolved": "https://registry.npmjs.org/@pnpm/error/-/error-1000.1.0.tgz",
      "integrity": "sha512-Dqc2IJJPjUatwc9Letw+vG29rnaMrDGi5g6WCx1HiZYm0obXbTmLygeRafMbgf+sLKXrWE1shOeiayQuczBdoA==",
      "license": "MIT",
      "dependencies": {
        "@pnpm/constants": "1001.3.1"
      },
      "engines": {
        "node": ">=18.12"
      },
      "funding": {
        "url": "https://opencollective.com/pnpm"
      }
    },
    "node_modules/@pnpm/pick-fetcher": {
      "version": "3.0.0",
      "resolved": "https://registry.npmjs.org/@pnpm/pick-fetcher/-/pick-fetcher-3.0.0.tgz",
      "integrity": "sha512-2eisylRAU/jeuxFEPnS1gjLZKJGbYc4QEtEW6MVUYjO4Xi+2ttkSm7825S0J5IPpUIvln8HYPCUS0eQWSfpOaQ==",
      "license": "MIT",
      "engines": {
        "node": ">=18.12"
      },
      "funding": {
        "url": "https://opencollective.com/pnpm"
      }
    },
    "node_modules/@pnpm/resolver-base": {
      "version": "13.0.1",
      "resolved": "https://registry.npmjs.org/@pnpm/resolver-base/-/resolver-base-13.0.1.tgz",
      "integrity": "sha512-WXWHDtVFAmwyBSOLYkYF1bJujDQyG6JYZGsVsy+/dTPiaT8pzebL7p4fchC/8wpZroH7lxJ1lInSKIg7T904/g==",
      "license": "MIT",
      "dependencies": {
        "@pnpm/types": "11.1.0"
      },
      "engines": {
        "node": ">=18.12"
      },
      "funding": {
        "url": "https://opencollective.com/pnpm"
      }
    },
    "node_modules/@pnpm/types": {
      "version": "11.1.0",
      "resolved": "https://registry.npmjs.org/@pnpm/types/-/types-11.1.0.tgz",
      "integrity": "sha512-wnlOhu7hjv9/qsf2cbK0YqpaV9c4LS69Utxd+r8hq/GWhyrOHcM1QOlfQb0Mzci0q4DDgB8VXT4dhBnEBL4c5g==",
      "license": "MIT",
      "engines": {
        "node": ">=18.12"
      },
      "funding": {
        "url": "https://opencollective.com/pnpm"
      }
    },
    "node_modules/@pnpm/util.lex-comparator": {
      "version": "3.0.0",
      "resolved": "https://registry.npmjs.org/@pnpm/util.lex-comparator/-/util.lex-comparator-3.0.0.tgz",
      "integrity": "sha512-ead+l3IiuVXwKDf/QJPX6G93cwhXki3yOVEA/VdAO7AhZ5vUuSBxHe6gQKEbB0QacJ4H5VsYxeM1xUgwjjOO/Q==",
      "license": "MIT",
      "engines": {
        "node": ">=18.12"
      }
    },
    "node_modules/@zkochan/retry": {
      "version": "0.2.0",
      "resolved": "https://registry.npmjs.org/@zkochan/retry/-/retry-0.2.0.tgz",
      "integrity": "sha512-WhB+2B/ZPlW2Xy/kMJBrMbqecWXcbDDgn0K0wKBAgO2OlBTz1iLJrRWduo+DGGn0Akvz1Lu4Xvls7dJojximWw==",
      "license": "MIT",
      "engines": {
        "node": ">=10"
      }
    },
    "node_modules/@zkochan/rimraf": {
      "version": "3.0.2",
      "resolved": "https://registry.npmjs.org/@zkochan/rimraf/-/rimraf-3.0.2.tgz",
      "integrity": "sha512-GBf4ua7ogWTr7fATnzk/JLowZDBnBJMm8RkMaC/KcvxZ9gxbMWix0/jImd815LmqKyIHZ7h7lADRddGMdGBuCA==",
      "license": "MIT",
      "engines": {
        "node": ">=18.12"
      }
    },
    "node_modules/@zkochan/which": {
      "version": "2.0.3",
      "resolved": "https://registry.npmjs.org/@zkochan/which/-/which-2.0.3.tgz",
      "integrity": "sha512-C1ReN7vt2/2O0fyTsx5xnbQuxBrmG5NMSbcIkPKCCfCTJgpZBsuRYzFXHj3nVq8vTfK7vxHUmzfCpSHgO7j4rg==",
      "license": "ISC",
      "dependencies": {
        "isexe": "^2.0.0"
      },
      "bin": {
        "node-which": "bin/node-which"
      },
      "engines": {
        "node": ">= 8"
      }
    },
    "node_modules/agent-base": {
      "version": "7.1.4",
      "resolved": "https://registry.npmjs.org/agent-base/-/agent-base-7.1.4.tgz",
      "integrity": "sha512-MnA+YT8fwfJPgBx3m60MNqakm30XOkyIoH1y6huTQvC0PwZG7ki8NacLBcrPbNoo8vEZy7Jpuk7+jMO+CUovTQ==",
      "license": "MIT",
      "engines": {
        "node": ">= 14"
      }
    },
    "node_modules/agentkeepalive": {
      "version": "4.6.0",
      "resolved": "https://registry.npmjs.org/agentkeepalive/-/agentkeepalive-4.6.0.tgz",
      "integrity": "sha512-kja8j7PjmncONqaTsB8fQ+wE2mSU2DJ9D4XKoJ5PFWIdRMa6SLSN1ff4mOr4jCbfRSsxR4keIiySJU0N9T5hIQ==",
      "license": "MIT",
      "dependencies": {
        "humanize-ms": "^1.2.1"
      },
      "engines": {
        "node": ">= 8.0.0"
      }
    },
    "node_modules/argparse": {
      "version": "2.0.1",
      "resolved": "https://registry.npmjs.org/argparse/-/argparse-2.0.1.tgz",
      "integrity": "sha512-8+9WqebbFzpX9OR+Wa6O29asIogeRMzcGtAINdpMHHyAg10f05aSFVBbcEqGf/PXw1EjAZ+q2/bEBg3DvurK3Q==",
      "license": "Python-2.0"
    },
    "node_modules/bole": {
      "version": "5.0.28",
      "resolved": "https://registry.npmjs.org/bole/-/bole-5.0.28.tgz",
      "integrity": "sha512-l+yybyZLV7zTD6EuGxoXsilpER1ctMCpdOqjSYNigJJma39ha85fzCtYccPx06oR1u7uCQLOcUAFFzvfXVBmuQ==",
      "license": "MIT",
      "dependencies": {
        "fast-safe-stringify": "^2.0.7",
        "individual": "^3.0.0"
      }
    },
    "node_modules/comver-to-semver": {
      "version": "1.0.0",
      "resolved": "https://registry.npmjs.org/comver-to-semver/-/comver-to-semver-1.0.0.tgz",
      "integrity": "sha512-gcGtbRxjwROQOdXLUWH1fQAXqThUVRZ219aAwgtX3KfYw429/Zv6EIJRf5TBSzWdAGwePmqH7w70WTaX4MDqag==",
      "license": "MIT",
      "engines": {
        "node": ">=12.17"
      }
    },
    "node_modules/cross-spawn": {
      "version": "7.0.6",
      "resolved": "https://registry.npmjs.org/cross-spawn/-/cross-spawn-7.0.6.tgz",
      "integrity": "sha512-uV2QOWP2nWzsy2aMp8aRibhi9dlzF5Hgh5SHaB9OiTGEyDTiJJyx0uy51QXdyWbtAHNua4XJzUKca3OzKUd3vA==",
      "license": "MIT",
      "dependencies": {
        "path-key": "^3.1.0",
        "shebang-command": "^2.0.0",
        "which": "^2.0.1"
      },
      "engines": {
        "node": ">= 8"
      }
    },
    "node_modules/data-uri-to-buffer": {
      "version": "3.0.1",
      "resolved": "https://registry.npmjs.org/data-uri-to-buffer/-/data-uri-to-buffer-3.0.1.tgz",
      "integrity": "sha512-WboRycPNsVw3B3TL559F7kuBUM4d8CgMEvk6xEJlOp7OBPjt6G7z8WMWlD2rOFZLk6OYfFIUGsCOWzcQH9K2og==",
      "license": "MIT",
      "engines": {
        "node": ">= 6"
      }
    },
    "node_modules/debug": {
      "version": "4.4.3",
      "resolved": "https://registry.npmjs.org/debug/-/debug-4.4.3.tgz",
      "integrity": "sha512-RGwwWnwQvkVfavKVt22FGLw+xYSdzARwm0ru6DhTVA3umU5hZc28V3kO4stgYryrTlLpuvgI9GiijltAjNbcqA==",
      "license": "MIT",
      "dependencies": {
        "ms": "^2.1.3"
      },
      "engines": {
        "node": ">=6.0"
      },
      "peerDependenciesMeta": {
        "supports-color": {
          "optional": true
        }
      }
    },
    "node_modules/execa": {
      "name": "safe-execa",
      "version": "0.1.2",
      "resolved": "https://registry.npmjs.org/safe-execa/-/safe-execa-0.1.2.tgz",
      "integrity": "sha512-vdTshSQ2JsRCgT8eKZWNJIL26C6bVqy1SOmuCMlKHegVeo8KYRobRrefOdUq9OozSPUUiSxrylteeRmLOMFfWg==",
      "license": "MIT",
      "dependencies": {
        "@zkochan/which": "^2.0.3",
        "execa": "^5.1.1",
        "path-name": "^1.0.0"
      },
      "engines": {
        "node": ">=12"
      }
    },
    "node_modules/execa/node_modules/execa": {
      "version": "5.1.1",
      "resolved": "https://registry.npmjs.org/execa/-/execa-5.1.1.tgz",
      "integrity": "sha512-8uSpZZocAZRBAPIEINJj3Lo9HyGitllczc27Eh5YYojjMFMn8yHMDMaUHE2Jqfq05D/wucwI4JGURyXt1vchyg==",
      "license": "MIT",
      "dependencies": {
        "cross-spawn": "^7.0.3",
        "get-stream": "^6.0.0",
        "human-signals": "^2.1.0",
        "is-stream": "^2.0.0",
        "merge-stream": "^2.0.0",
        "npm-run-path": "^4.0.1",
        "onetime": "^5.1.2",
        "signal-exit": "^3.0.3",
        "strip-final-newline": "^2.0.0"
      },
      "engines": {
        "node": ">=10"
      },
      "funding": {
        "url": "https://github.com/sindresorhus/execa?sponsor=1"
      }
    },
    "node_modules/execa/node_modules/signal-exit": {
      "version": "3.0.7",
      "resolved": "https://registry.npmjs.org/signal-exit/-/signal-exit-3.0.7.tgz",
      "integrity": "sha512-wnD2ZE+l+SPC/uoS0vXeE9L1+0wuaMqKlfz9AMUo38JsyLSBWSFcHR1Rri62LZc12vLr1gb3jl7iwQhgwpAbGQ==",
      "license": "ISC"
    },
    "node_modules/fast-safe-stringify": {
      "version": "2.1.1",
      "resolved": "https://registry.npmjs.org/fast-safe-stringify/-/fast-safe-stringify-2.1.1.tgz",
      "integrity": "sha512-W+KJc2dmILlPplD/H4K9l9LcAHAfPtP6BY84uVLXQ6Evcz9Lcg33Y2z1IVblT6xdY54PXYVHEv+0Wpq8Io6zkA==",
      "license": "MIT"
    },
    "node_modules/fetch-blob": {
      "version": "2.1.2",
      "resolved": "https://registry.npmjs.org/fetch-blob/-/fetch-blob-2.1.2.tgz",
      "integrity": "sha512-YKqtUDwqLyfyMnmbw8XD6Q8j9i/HggKtPEI+pZ1+8bvheBu78biSmNaXWusx1TauGqtUUGx/cBb1mKdq2rLYow==",
      "license": "MIT",
      "engines": {
        "node": "^10.17.0 || >=12.3.0"
      },
      "peerDependenciesMeta": {
        "domexception": {
          "optional": true
        }
      }
    },
    "node_modules/get-npm-tarball-url": {
      "version": "2.1.0",
      "resolved": "https://registry.npmjs.org/get-npm-tarball-url/-/get-npm-tarball-url-2.1.0.tgz",
      "integrity": "sha512-ro+DiMu5DXgRBabqXupW38h7WPZ9+Ad8UjwhvsmmN8w1sU7ab0nzAXvVZ4kqYg57OrqomRtJvepX5/xvFKNtjA==",
      "license": "MIT",
      "engines": {
        "node": ">=12.17"
      }
    },
    "node_modules/get-stream": {
      "version": "6.0.1",
      "resolved": "https://registry.npmjs.org/get-stream/-/get-stream-6.0.1.tgz",
      "integrity": "sha512-ts6Wi+2j3jQjqi70w5AlN8DFnkSwC+MqmxEzdEALB2qXZYV3X/b1CTfgPLGJNMeAWxdPfU8FO1ms3NUfaHCPYg==",
      "license": "MIT",
      "engines": {
        "node": ">=10"
      },
      "funding": {
        "url": "https://github.com/sponsors/sindresorhus"
      }
    },
    "node_modules/graceful-git": {
      "version": "4.0.0",
      "resolved": "https://registry.npmjs.org/graceful-git/-/graceful-git-4.0.0.tgz",
      "integrity": "sha512-zK/rCH/I0DMKpPBLCElXGI7za3EnXeQFdiK6CTP02Tt1N1L+bMLghZY7cXozlx9M2bx4Q0zrY9ADYP3eI8haIw==",
      "license": "MIT",
      "dependencies": {
        "retry": "^0.13.1",
        "safe-execa": "^0.1.1"
      },
      "engines": {
        "node": ">=18.12"
      }
    },
    "node_modules/hosted-git-info": {
      "name": "@pnpm/hosted-git-info",
      "version": "1.0.0",
      "resolved": "https://registry.npmjs.org/@pnpm/hosted-git-info/-/hosted-git-info-1.0.0.tgz",
      "integrity": "sha512-QzmNiLShTnNyeTHr+cykG5hYjwph0+v49KHV36Dh8uA2rRMWw30qoZMARuxd00SYdoTwT8bIouqqmzi6TWfJHQ==",
      "license": "ISC",
      "dependencies": {
        "lru-cache": "^6.0.0"
      },
      "engines": {
        "node": ">=10"
      }
    },
    "node_modules/hosted-git-info/node_modules/lru-cache": {
      "version": "6.0.0",
      "resolved": "https://registry.npmjs.org/lru-cache/-/lru-cache-6.0.0.tgz",
      "integrity": "sha512-Jo6dJ04CmSjuznwJSS3pUeWmd/H0ffTlkXXgwZi+eq1UCmqQwCh+eLsYOYCwY991i2Fah4h1BEMCx4qThGbsiA==",
      "license": "ISC",
      "dependencies": {
        "yallist": "^4.0.0"
      },
      "engines": {
        "node": ">=10"
      }
    },
    "node_modules/http-proxy-agent": {
      "version": "7.0.2",
      "resolved": "https://registry.npmjs.org/http-proxy-agent/-/http-proxy-agent-7.0.2.tgz",
      "integrity": "sha512-T1gkAiYYDWYx3V5Bmyu7HcfcvL7mUrTWiM6yOfa3PIphViJ/gFPbvidQ+veqSOHci/PxBcDabeUNCzpOODJZig==",
      "license": "MIT",
      "dependencies": {
        "agent-base": "^7.1.0",
        "debug": "^4.3.4"
      },
      "engines": {
        "node": ">= 14"
      }
    },
    "node_modules/https-proxy-agent": {
      "version": "7.0.6",
      "resolved": "https://registry.npmjs.org/https-proxy-agent/-/https-proxy-agent-7.0.6.tgz",
      "integrity": "sha512-vK9P5/iUfdl95AI+JVyUuIcVtd4ofvtrOr3HNtM2yxC9bnMbEdp3x01OhQNnjb8IJYi38VlTE3mBXwcfvywuSw==",
      "license": "MIT",
      "dependencies": {
        "agent-base": "^7.1.2",
        "debug": "4"
      },
      "engines": {
        "node": ">= 14"
      }
    },
    "node_modules/human-signals": {
      "version": "2.1.0",
      "resolved": "https://registry.npmjs.org/human-signals/-/human-signals-2.1.0.tgz",
      "integrity": "sha512-B4FFZ6q/T2jhhksgkbEW3HBvWIfDW85snkQgawt07S7J5QXTk6BkNV+0yAeZrM5QpMAdYlocGoljn0sJ/WQkFw==",
      "license": "Apache-2.0",
      "engines": {
        "node": ">=10.17.0"
      }
    },
    "node_modules/humanize-ms": {
      "version": "1.2.1",
      "resolved": "https://registry.npmjs.org/humanize-ms/-/humanize-ms-1.2.1.tgz",
      "integrity": "sha512-Fl70vYtsAFb/C06PTS9dZBo7ihau+Tu/DNCk/OyHhea07S+aeMWpFFkUaXRa8fI+ScZbEI8dfSxwY7gxZ9SAVQ==",
      "license": "MIT",
      "dependencies": {
        "ms": "^2.0.0"
      }
    },
    "node_modules/imurmurhash": {
      "version": "0.1.4",
      "resolved": "https://registry.npmjs.org/imurmurhash/-/imurmurhash-0.1.4.tgz",
      "integrity": "sha512-JmXMZ6wuvDmLiHEml9ykzqO6lwFbof0GG4IkcGaENdCRDDmMVnny7s5HsIgHCbaq0w2MyPhDqkhTUgS2LU2PHA==",
      "license": "MIT",
      "engines": {
        "node": ">=0.8.19"
      }
    },
    "node_modules/individual": {
      "version": "3.0.0",
      "resolved": "https://registry.npmjs.org/individual/-/individual-3.0.0.tgz",
      "integrity": "sha512-rUY5vtT748NMRbEMrTNiFfy29BgGZwGXUi2NFUVMWQrogSLzlJvQV9eeMWi+g1aVaQ53tpyLAQtd5x/JH0Nh1g=="
    },
    "node_modules/inherits": {
      "version": "2.0.4",
      "resolved": "https://registry.npmjs.org/inherits/-/inherits-2.0.4.tgz",
      "integrity": "sha512-k/vGaX4/Yla3WzyMCvTQOXYeIHvqOKtnqBduzTHpzpQZzAskKMhZ2K+EnBiSM9zGSoIFeMpXKxa4dYeZIQqewQ==",
      "license": "ISC"
    },
    "node_modules/ip-address": {
      "version": "10.1.0",
      "resolved": "https://registry.npmjs.org/ip-address/-/ip-address-10.1.0.tgz",
      "integrity": "sha512-XXADHxXmvT9+CRxhXg56LJovE+bmWnEWB78LB83VZTprKTmaC5QfruXocxzTZ2Kl0DNwKuBdlIhjL8LeY8Sf8Q==",
      "license": "MIT",
      "engines": {
        "node": ">= 12"
      }
    },
    "node_modules/is-plain-obj": {
      "version": "2.1.0",
      "resolved": "https://registry.npmjs.org/is-plain-obj/-/is-plain-obj-2.1.0.tgz",
      "integrity": "sha512-YWnfyRwxL/+SsrWYfOpUtz5b3YD+nyfkHvjbcanzk8zgyO4ASD67uVMRt8k5bM4lLMDnXfriRhOpemw+NfT1eA==",
      "license": "MIT",
      "engines": {
        "node": ">=8"
      }
    },
    "node_modules/is-stream": {
      "version": "2.0.1",
      "resolved": "https://registry.npmjs.org/is-stream/-/is-stream-2.0.1.tgz",
      "integrity": "sha512-hFoiJiTl63nn+kstHGBtewWSKnQLpyb155KHheA1l39uvtO9nWIop1p3udqPcUd/xbF1VLMO4n7OI6p7RbngDg==",
      "license": "MIT",
      "engines": {
        "node": ">=8"
      },
      "funding": {
        "url": "https://github.com/sponsors/sindresorhus"
      }
    },
    "node_modules/isexe": {
      "version": "2.0.0",
      "resolved": "https://registry.npmjs.org/isexe/-/isexe-2.0.0.tgz",
      "integrity": "sha512-RHxMLp9lnKHGHRng9QFhRCMbYAcVpn69smSGcq3f36xjgVVWThj4qqLbTLlq7Ssj8B+fIQ1EuCEGI2lKsyQeIw==",
      "license": "ISC"
    },
    "node_modules/js-yaml": {
      "name": "@zkochan/js-yaml",
      "version": "0.0.7",
      "resolved": "https://registry.npmjs.org/@zkochan/js-yaml/-/js-yaml-0.0.7.tgz",
      "integrity": "sha512-nrUSn7hzt7J6JWgWGz78ZYI8wj+gdIJdk0Ynjpp8l+trkn58Uqsf6RYrYkEK+3X18EX+TNdtJI0WxAtc+L84SQ==",
      "license": "MIT",
      "dependencies": {
        "argparse": "^2.0.1"
      },
      "bin": {
        "js-yaml": "bin/js-yaml.js"
      }
    },
    "node_modules/json-stringify-safe": {
      "version": "5.0.1",
      "resolved": "https://registry.npmjs.org/json-stringify-safe/-/json-stringify-safe-5.0.1.tgz",
      "integrity": "sha512-ZClg6AaYvamvYEE82d3Iyd3vSSIjQ+odgjaTzRuO3s7toCdFKczob2i0zCh7JE8kWn17yvAWhUVxvqGwUalsRA==",
      "license": "ISC"
    },
    "node_modules/lru-cache": {
      "version": "7.18.3",
      "resolved": "https://registry.npmjs.org/lru-cache/-/lru-cache-7.18.3.tgz",
      "integrity": "sha512-jumlc0BIUrS3qJGgIkWZsyfAM7NCWiBcCDhnd+3NNM5KbBmLTgHVfWBcg6W+rLUsIpzpERPsvwUP7CckAQSOoA==",
      "license": "ISC",
      "engines": {
        "node": ">=12"
      }
    },
    "node_modules/merge-stream": {
      "version": "2.0.0",
      "resolved": "https://registry.npmjs.org/merge-stream/-/merge-stream-2.0.0.tgz",
      "integrity": "sha512-abv/qOcuPfk3URPfDzmZU1LKmuw8kT+0nIHvKrKgFrwifol/doWcdA4ZqsWQ8ENrFKkd67Mfpo/LovbIUsbt3w==",
      "license": "MIT"
    },
    "node_modules/mimic-fn": {
      "version": "2.1.0",
      "resolved": "https://registry.npmjs.org/mimic-fn/-/mimic-fn-2.1.0.tgz",
      "integrity": "sha512-OqbOk5oEQeAZ8WXWydlu9HJjz9WVdEIvamMCcXmuqUYjTknH/sqsWvhQ3vgwKFRR1HpjvNBKQ37nbJgYzGqGcg==",
      "license": "MIT",
      "engines": {
        "node": ">=6"
      }
    },
    "node_modules/minimist": {
      "version": "1.2.8",
      "resolved": "https://registry.npmjs.org/minimist/-/minimist-1.2.8.tgz",
      "integrity": "sha512-2yyAR8qBkN3YuheJanUpWC5U3bb5osDywNB8RzDVlDwDHbocAJveqqj1u8+SVD7jkWT4yvsHCpWqqWqAxb0zCA==",
      "license": "MIT",
      "funding": {
        "url": "https://github.com/sponsors/ljharb"
      }
    },
    "node_modules/ms": {
      "version": "2.1.3",
      "resolved": "https://registry.npmjs.org/ms/-/ms-2.1.3.tgz",
      "integrity": "sha512-6FlzubTLZG3J2a/NVCAleEhjzq5oxgHyaCU9yYXvcLsvoVaHJq/s5xXI6/XXP6tz7R9xAOtHnSO/tXtF3WRTlA==",
      "license": "MIT"
    },
    "node_modules/ndjson": {
      "version": "2.0.0",
      "resolved": "https://registry.npmjs.org/ndjson/-/ndjson-2.0.0.tgz",
      "integrity": "sha512-nGl7LRGrzugTtaFcJMhLbpzJM6XdivmbkdlaGcrk/LXg2KL/YBC6z1g70xh0/al+oFuVFP8N8kiWRucmeEH/qQ==",
      "license": "BSD-3-Clause",
      "dependencies": {
        "json-stringify-safe": "^5.0.1",
        "minimist": "^1.2.5",
        "readable-stream": "^3.6.0",
        "split2": "^3.0.0",
        "through2": "^4.0.0"
      },
      "bin": {
        "ndjson": "cli.js"
      },
      "engines": {
        "node": ">=10"
      }
    },
    "node_modules/node-fetch": {
      "name": "@pnpm/node-fetch",
      "version": "1.0.0",
      "resolved": "https://registry.npmjs.org/@pnpm/node-fetch/-/node-fetch-1.0.0.tgz",
      "integrity": "sha512-eYwrzhKUBGFdq78rJStGjaHTUHA2VH+Avr//CVx/T+EJkI7hnFmOy6YghvcB2clj8HpO4V8tXRNuFNfRX08ayw==",
      "license": "MIT",
      "dependencies": {
        "data-uri-to-buffer": "^3.0.1",
        "fetch-blob": "^2.1.1"
      },
      "engines": {
        "node": "^10.17 || >=12.3"
      }
    },
    "node_modules/normalize-path": {
      "version": "3.0.0",
      "resolved": "https://registry.npmjs.org/normalize-path/-/normalize-path-3.0.0.tgz",
      "integrity": "sha512-6eZs5Ls3WtCisHWp9S2GUy8dqkpGi4BVSz3GaqiE6ezub0512ESztXUwUB6C6IKbQkY2Pnb/mD4WYojCRwcwLA==",
      "license": "MIT",
      "engines": {
        "node": ">=0.10.0"
      }
    },
    "node_modules/npm-run-path": {
      "version": "4.0.1",
      "resolved": "https://registry.npmjs.org/npm-run-path/-/npm-run-path-4.0.1.tgz",
      "integrity": "sha512-S48WzZW777zhNIrn7gxOlISNAqi9ZC/uQFnRdbeIHhZhCA6UqpkOT8T1G7BvfdgP4Er8gF4sUbaS0i7QvIfCWw==",
      "license": "MIT",
      "dependencies": {
        "path-key": "^3.0.0"
      },
      "engines": {
        "node": ">=8"
      }
    },
    "node_modules/onetime": {
      "version": "5.1.2",
      "resolved": "https://registry.npmjs.org/onetime/-/onetime-5.1.2.tgz",
      "integrity": "sha512-kbpaSSGJTWdAY5KPVeMOKXSrPtr8C8C7wodJbcsd51jRnmD+GZu8Y0VoU6Dm5Z4vWr0Ig/1NKuWRKf7j5aaYSg==",
      "license": "MIT",
      "dependencies": {
        "mimic-fn": "^2.1.0"
      },
      "engines": {
        "node": ">=6"
      },
      "funding": {
        "url": "https://github.com/sponsors/sindresorhus"
      }
    },
    "node_modules/path-key": {
      "version": "3.1.1",
      "resolved": "https://registry.npmjs.org/path-key/-/path-key-3.1.1.tgz",
      "integrity": "sha512-ojmeN0qd+y0jszEtoY48r0Peq5dwMEkIlCOu6Q5f41lfkswXuKtYrhgoTpLnyIcHm24Uhqx+5Tqm2InSwLhE6Q==",
      "license": "MIT",
      "engines": {
        "node": ">=8"
      }
    },
    "node_modules/path-name": {
      "version": "1.0.0",
      "resolved": "https://registry.npmjs.org/path-name/-/path-name-1.0.0.tgz",
      "integrity": "sha512-/dcAb5vMXH0f51yvMuSUqFpxUcA8JelbRmE5mW/p4CUJxrNgK24IkstnV7ENtg2IDGBOu6izKTG6eilbnbNKWQ==",
      "license": "MIT"
    },
    "node_modules/ramda": {
      "name": "@pnpm/ramda",
      "version": "0.28.1",
      "resolved": "https://registry.npmjs.org/@pnpm/ramda/-/ramda-0.28.1.tgz",
      "integrity": "sha512-zcAG+lvU0fMziNeGXpPyCyCJYp5ZVrPElEE4t14jAmViaihohocZ+dDkcRIyAomox8pQsuZnv1EyHR+pOhmUWw==",
      "license": "MIT",
      "funding": {
        "type": "opencollective",
        "url": "https://opencollective.com/ramda"
      }
    },
    "node_modules/readable-stream": {
      "version": "3.6.2",
      "resolved": "https://registry.npmjs.org/readable-stream/-/readable-stream-3.6.2.tgz",
      "integrity": "sha512-9u/sniCrY3D5WdsERHzHE4G2YCXqoG5FTHUiCC4SIbr6XcLZBY05ya9EKjYek9O5xOAwjGq+1JdGBAS7Q9ScoA==",
      "license": "MIT",
      "dependencies": {
        "inherits": "^2.0.3",
        "string_decoder": "^1.1.1",
        "util-deprecate": "^1.0.1"
      },
      "engines": {
        "node": ">= 6"
      }
    },
    "node_modules/retry": {
      "version": "0.13.1",
      "resolved": "https://registry.npmjs.org/retry/-/retry-0.13.1.tgz",
      "integrity": "sha512-XQBQ3I8W1Cge0Seh+6gjj03LbmRFWuoszgK9ooCpwYIrhhoO80pfq4cUkU5DkknwfOfFteRwlZ56PYOGYyFWdg==",
      "license": "MIT",
      "engines": {
        "node": ">= 4"
      }
    },
    "node_modules/rfc4648": {
      "version": "1.5.4",
      "resolved": "https://registry.npmjs.org/rfc4648/-/rfc4648-1.5.4.tgz",
      "integrity": "sha512-rRg/6Lb+IGfJqO05HZkN50UtY7K/JhxJag1kP23+zyMfrvoB0B7RWv06MbOzoc79RgCdNTiUaNsTT1AJZ7Z+cg==",
      "license": "MIT"
    },
    "node_modules/safe-buffer": {
      "version": "5.2.1",
      "resolved": "https://registry.npmjs.org/safe-buffer/-/safe-buffer-5.2.1.tgz",
      "integrity": "sha512-rp3So07KcdmmKbGvgaNxQSJr7bGVSVk5S9Eq1F+ppbRo70+YeaDxkw5Dd8NPN+GD6bjnYm2VuPuCXmpuYvmCXQ==",
      "funding": [
        {
          "type": "github",
          "url": "https://github.com/sponsors/feross"
        },
        {
          "type": "patreon",
          "url": "https://www.patreon.com/feross"
        },
        {
          "type": "consulting",
          "url": "https://feross.org/support"
        }
      ],
      "license": "MIT"
    },
    "node_modules/safe-execa": {
      "version": "0.1.4",
      "resolved": "https://registry.npmjs.org/safe-execa/-/safe-execa-0.1.4.tgz",
      "integrity": "sha512-GI3k4zl4aLC3lxZNEEXAxxcXE6E3TfOsJ5xxJPhcAv9MWwnH2O9I0HrDmZFsVnu/C8wzRYSsTHdoVRmL0VicDw==",
      "license": "MIT",
      "dependencies": {
        "@zkochan/which": "^2.0.3",
        "execa": "^5.1.1",
        "path-name": "^1.0.0"
      },
      "engines": {
        "node": ">=12"
      }
    },
    "node_modules/safe-execa/node_modules/execa": {
      "version": "5.1.1",
      "resolved": "https://registry.npmjs.org/execa/-/execa-5.1.1.tgz",
      "integrity": "sha512-8uSpZZocAZRBAPIEINJj3Lo9HyGitllczc27Eh5YYojjMFMn8yHMDMaUHE2Jqfq05D/wucwI4JGURyXt1vchyg==",
      "license": "MIT",
      "dependencies": {
        "cross-spawn": "^7.0.3",
        "get-stream": "^6.0.0",
        "human-signals": "^2.1.0",
        "is-stream": "^2.0.0",
        "merge-stream": "^2.0.0",
        "npm-run-path": "^4.0.1",
        "onetime": "^5.1.2",
        "signal-exit": "^3.0.3",
        "strip-final-newline": "^2.0.0"
      },
      "engines": {
        "node": ">=10"
      },
      "funding": {
        "url": "https://github.com/sindresorhus/execa?sponsor=1"
      }
    },
    "node_modules/safe-execa/node_modules/signal-exit": {
      "version": "3.0.7",
      "resolved": "https://registry.npmjs.org/signal-exit/-/signal-exit-3.0.7.tgz",
      "integrity": "sha512-wnD2ZE+l+SPC/uoS0vXeE9L1+0wuaMqKlfz9AMUo38JsyLSBWSFcHR1Rri62LZc12vLr1gb3jl7iwQhgwpAbGQ==",
      "license": "ISC"
    },
    "node_modules/semver": {
      "version": "7.7.4",
      "resolved": "https://registry.npmjs.org/semver/-/semver-7.7.4.tgz",
      "integrity": "sha512-vFKC2IEtQnVhpT78h1Yp8wzwrf8CM+MzKMHGJZfBtzhZNycRFnXsHk6E5TxIkkMsgNS7mdX3AGB7x2QM2di4lA==",
      "license": "ISC",
      "bin": {
        "semver": "bin/semver.js"
      },
      "engines": {
        "node": ">=10"
      }
    },
    "node_modules/shebang-command": {
      "version": "2.0.0",
      "resolved": "https://registry.npmjs.org/shebang-command/-/shebang-command-2.0.0.tgz",
      "integrity": "sha512-kHxr2zZpYtdmrN1qDjrrX/Z1rR1kG8Dx+gkpK1G4eXmvXswmcE1hTWBWYUzlraYw1/yZp6YuDY77YtvbN0dmDA==",
      "license": "MIT",
      "dependencies": {
        "shebang-regex": "^3.0.0"
      },
      "engines": {
        "node": ">=8"
      }
    },
    "node_modules/shebang-regex": {
      "version": "3.0.0",
      "resolved": "https://registry.npmjs.org/shebang-regex/-/shebang-regex-3.0.0.tgz",
      "integrity": "sha512-7++dFhtcx3353uBaq8DDR4NuxBetBzC7ZQOhmTQInHEd6bSrXdiEyzCvG07Z44UYdLShWUyXt5M/yhz8ekcb1A==",
      "license": "MIT",
      "engines": {
        "node": ">=8"
      }
    },
    "node_modules/signal-exit": {
      "version": "4.1.0",
      "resolved": "https://registry.npmjs.org/signal-exit/-/signal-exit-4.1.0.tgz",
      "integrity": "sha512-bzyZ1e88w9O1iNJbKnOlvYTrWPDl46O1bG0D3XInv+9tkPrxrN8jUUTiFlDkkmKWgn1M6CfIA13SuGqOa9Korw==",
      "license": "ISC",
      "engines": {
        "node": ">=14"
      },
      "funding": {
        "url": "https://github.com/sponsors/isaacs"
      }
    },
    "node_modules/smart-buffer": {
      "version": "4.2.0",
      "resolved": "https://registry.npmjs.org/smart-buffer/-/smart-buffer-4.2.0.tgz",
      "integrity": "sha512-94hK0Hh8rPqQl2xXc3HsaBoOXKV20MToPkcXvwbISWLEs+64sBq5kFgn2kJDHb1Pry9yrP0dxrCI9RRci7RXKg==",
      "license": "MIT",
      "engines": {
        "node": ">= 6.0.0",
        "npm": ">= 3.0.0"
      }
    },
    "node_modules/socks": {
      "version": "2.8.7",
      "resolved": "https://registry.npmjs.org/socks/-/socks-2.8.7.tgz",
      "integrity": "sha512-HLpt+uLy/pxB+bum/9DzAgiKS8CX1EvbWxI4zlmgGCExImLdiad2iCwXT5Z4c9c3Eq8rP2318mPW2c+QbtjK8A==",
      "license": "MIT",
      "dependencies": {
        "ip-address": "^10.0.1",
        "smart-buffer": "^4.2.0"
      },
      "engines": {
        "node": ">= 10.0.0",
        "npm": ">= 3.0.0"
      }
    },
    "node_modules/socks-proxy-agent": {
      "version": "8.0.5",
      "resolved": "https://registry.npmjs.org/socks-proxy-agent/-/socks-proxy-agent-8.0.5.tgz",
      "integrity": "sha512-HehCEsotFqbPW9sJ8WVYB6UbmIMv7kUUORIF2Nncq4VQvBfNBLibW9YZR5dlYCSUhwcD628pRllm7n+E+YTzJw==",
      "license": "MIT",
      "dependencies": {
        "agent-base": "^7.1.2",
        "debug": "^4.3.4",
        "socks": "^2.8.3"
      },
      "engines": {
        "node": ">= 14"
      }
    },
    "node_modules/sort-keys": {
      "version": "4.2.0",
      "resolved": "https://registry.npmjs.org/sort-keys/-/sort-keys-4.2.0.tgz",
      "integrity": "sha512-aUYIEU/UviqPgc8mHR6IW1EGxkAXpeRETYcrzg8cLAvUPZcpAlleSXHV2mY7G12GphSH6Gzv+4MMVSSkbdteHg==",
      "license": "MIT",
      "dependencies": {
        "is-plain-obj": "^2.0.0"
      },
      "engines": {
        "node": ">=8"
      },
      "funding": {
        "url": "https://github.com/sponsors/sindresorhus"
      }
    },
    "node_modules/split2": {
      "version": "3.2.2",
      "resolved": "https://registry.npmjs.org/split2/-/split2-3.2.2.tgz",
      "integrity": "sha512-9NThjpgZnifTkJpzTZ7Eue85S49QwpNhZTq6GRJwObb6jnLFNGB7Qm73V5HewTROPyxD0C29xqmaI68bQtV+hg==",
      "license": "ISC",
      "dependencies": {
        "readable-stream": "^3.0.0"
      }
    },
    "node_modules/string_decoder": {
      "version": "1.3.0",
      "resolved": "https://registry.npmjs.org/string_decoder/-/string_decoder-1.3.0.tgz",
      "integrity": "sha512-hkRX8U1WjJFd8LsDJ2yQ/wWWxaopEsABU1XfkM8A+j0+85JAGppt16cr1Whg6KIbb4okU6Mql6BOj+uup/wKeA==",
      "license": "MIT",
      "dependencies": {
        "safe-buffer": "~5.2.0"
      }
    },
    "node_modules/strip-bom": {
      "version": "4.0.0",
      "resolved": "https://registry.npmjs.org/strip-bom/-/strip-bom-4.0.0.tgz",
      "integrity": "sha512-3xurFv5tEgii33Zi8Jtp55wEIILR9eh34FAW00PZf+JnSsTmV/ioewSgQl97JHvgjoRGwPShsWm+IdrxB35d0w==",
      "license": "MIT",
      "engines": {
        "node": ">=8"
      }
    },
    "node_modules/strip-final-newline": {
      "version": "2.0.0",
      "resolved": "https://registry.npmjs.org/strip-final-newline/-/strip-final-newline-2.0.0.tgz",
      "integrity": "sha512-BrpvfNAE3dcvq7ll3xVumzjKjZQ5tI1sEUIKr3Uoks0XUl45St3FlatVqef9prk4jRDzhW6WZg+3bk93y6pLjA==",
      "license": "MIT",
      "engines": {
        "node": ">=6"
      }
    },
    "node_modules/through2": {
      "version": "4.0.2",
      "resolved": "https://registry.npmjs.org/through2/-/through2-4.0.2.tgz",
      "integrity": "sha512-iOqSav00cVxEEICeD7TjLB1sueEL+81Wpzp2bY17uZjZN0pWZPuo4suZ/61VujxmqSGFfgOcNuTZ85QJwNZQpw==",
      "license": "MIT",
      "dependencies": {
        "readable-stream": "3"
      }
    },
    "node_modules/util-deprecate": {
      "version": "1.0.2",
      "resolved": "https://registry.npmjs.org/util-deprecate/-/util-deprecate-1.0.2.tgz",
      "integrity": "sha512-EPD5q1uXyFxJpCrLnCc1nHnq3gOa6DZBocAIiI2TaSCA7VCJ1UJDMagCzIkXNsUYfD1daK//LTEQ8xiIbrHtcw==",
      "license": "MIT"
    },
    "node_modules/which": {
      "version": "2.0.2",
      "resolved": "https://registry.npmjs.org/which/-/which-2.0.2.tgz",
      "integrity": "sha512-BLI3Tl1TW3Pvl70l3yq3Y64i+awpwXqsGBYWkkqMtnbXgrMD+yj7rhW0kuEDxzJaYXGjEW5ogapKNMEKNMjibA==",
      "license": "ISC",
      "dependencies": {
        "isexe": "^2.0.0"
      },
      "bin": {
        "node-which": "bin/node-which"
      },
      "engines": {
        "node": ">= 8"
      }
    },
    "node_modules/write-file-atomic": {
      "version": "5.0.1",
      "resolved": "https://registry.npmjs.org/write-file-atomic/-/write-file-atomic-5.0.1.tgz",
      "integrity": "sha512-+QU2zd6OTD8XWIJCbffaiQeH9U73qIqafo1x6V1snCWYGJf6cVE0cDR4D8xRzcEnfI21IFrUPzPGtcPf8AC+Rw==",
      "license": "ISC",
      "dependencies": {
        "imurmurhash": "^0.1.4",
        "signal-exit": "^4.0.1"
      },
      "engines": {
        "node": "^14.17.0 || ^16.13.0 || >=18.0.0"
      }
    },
    "node_modules/yallist": {
      "version": "4.0.0",
      "resolved": "https://registry.npmjs.org/yallist/-/yallist-4.0.0.tgz",
      "integrity": "sha512-3wdGidZyq5PB084XLES5TpOSRA3wjXAlIWMhum2kRcv/41Sn2emQ0dycQW4uZXLejwKvg6EsvbdlVL+FYEct7A==",
      "license": "ISC"
    }
  }
}
